
Microsoft Visual Studio Solution File, Format Version 12.00
# Visual Studio Version 16
VisualStudioVersion = 16.0.32407.337
MinimumVisualStudioVersion = 10.0.40219.1
Project("{FAE04EC0-301F-11D3-BF4B-00C04F79EFBC}") = "oop-ikolizji_cp", "oop-ikolizji_cp\oop-ikolizji_cp.csproj", "{40C3555F-9D76-4FD2-B2EC-E2D685DCFAC2}"
EndProject
Global
	GlobalSection(SolutionConfigurationPlatforms) = preSolution
		Debug|Any CPU = Debug|Any CPU
		Release|Any CPU = Release|Any CPU
	EndGlobalSection
	GlobalSection(ProjectConfigurationPlatforms) = postSolution
		{40C3555F-9D76-4FD2-B2EC-E2D685DCFAC2}.Debug|Any CPU.ActiveCfg = Debug|Any CPU
		{40C3555F-9D76-4FD2-B2EC-E2D685DCFAC2}.Debug|Any CPU.Build.0 = Debug|Any CPU
		{40C3555F-9D76-4FD2-B2EC-E2D685DCFAC2}.Release|Any CPU.ActiveCfg = Release|Any CPU
		{40C3555F-9D76-4FD2-B2EC-E2D685DCFAC2}.Release|Any CPU.Build.0 = Release|Any CPU
	EndGlobalSection
	GlobalSection(SolutionProperties) = preSolution
		HideSolutionNode = FALSE
	EndGlobalSection
	GlobalSection(ExtensibilityGlobals) = postSolution
		SolutionGuid = {E129790E-0AB2-4937-B96F-56C56B6EEDC1}
	EndGlobalSection
EndGlobal
